
Microsoft Visual Studio Solution File, Format Version 12.00
# Visual Studio Version 17
VisualStudioVersion = 17.8.34316.72
MinimumVisualStudioVersion = 10.0.40219.1
Project("{9A19103F-16F7-4668-BE54-9A1E7A4F7556}") = "dosymep.Bim4Everyone", "src\dosymep.Bim4Everyone\dosymep.Bim4Everyone.csproj", "{C4E51BBA-E45F-4FF3-AE71-E787CD4CD977}"
EndProject
Project("{9A19103F-16F7-4668-BE54-9A1E7A4F7556}") = "dosymep.Revit", "src\dosymep.Revit\dosymep.Revit.csproj", "{F46DDC6B-336D-4D01-BAD3-6C1CDB64E79D}"
EndProject
Project("{2150E333-8FDC-42A3-9474-1A3956D46DE8}") = "Solution Items", "Solution Items", "{3CA65F4E-8C63-4AEE-BF54-241A76BE1062}"
	ProjectSection(SolutionItems) = preProject
		.editorconfig = .editorconfig
		CONTRIBUTING.md = CONTRIBUTING.md
		CREDITS.md = CREDITS.md
		LICENSE.md = LICENSE.md
		README.md = README.md
	EndProjectSection
EndProject
Project("{9A19103F-16F7-4668-BE54-9A1E7A4F7556}") = "_build", "build\_build.csproj", "{E062AE01-4F4B-414C-ADB9-DE981CDC5628}"
EndProject
Global
	GlobalSection(SolutionConfigurationPlatforms) = preSolution
		D2020|x64 = D2020|x64
		D2021|x64 = D2021|x64
		D2022|x64 = D2022|x64
		D2023|x64 = D2023|x64
		D2024|x64 = D2024|x64
		Debug|x64 = Debug|x64
		Release|x64 = Release|x64
	EndGlobalSection
	GlobalSection(ProjectConfigurationPlatforms) = postSolution
		{C4E51BBA-E45F-4FF3-AE71-E787CD4CD977}.D2020|x64.ActiveCfg = D2020|x64
		{C4E51BBA-E45F-4FF3-AE71-E787CD4CD977}.D2020|x64.Build.0 = D2020|x64
		{C4E51BBA-E45F-4FF3-AE71-E787CD4CD977}.D2021|x64.ActiveCfg = D2021|x64
		{C4E51BBA-E45F-4FF3-AE71-E787CD4CD977}.D2021|x64.Build.0 = D2021|x64
		{C4E51BBA-E45F-4FF3-AE71-E787CD4CD977}.D2022|x64.ActiveCfg = D2022|x64
		{C4E51BBA-E45F-4FF3-AE71-E787CD4CD977}.D2022|x64.Build.0 = D2022|x64
		{C4E51BBA-E45F-4FF3-AE71-E787CD4CD977}.D2023|x64.ActiveCfg = D2023|x64
		{C4E51BBA-E45F-4FF3-AE71-E787CD4CD977}.D2023|x64.Build.0 = D2023|x64
		{C4E51BBA-E45F-4FF3-AE71-E787CD4CD977}.D2024|x64.ActiveCfg = D2024|x64
		{C4E51BBA-E45F-4FF3-AE71-E787CD4CD977}.D2024|x64.Build.0 = D2024|x64
		{C4E51BBA-E45F-4FF3-AE71-E787CD4CD977}.Debug|x64.ActiveCfg = Debug|x64
		{C4E51BBA-E45F-4FF3-AE71-E787CD4CD977}.Debug|x64.Build.0 = Debug|x64
		{C4E51BBA-E45F-4FF3-AE71-E787CD4CD977}.Release|x64.ActiveCfg = Release|x64
		{C4E51BBA-E45F-4FF3-AE71-E787CD4CD977}.Release|x64.Build.0 = Release|x64
		{F46DDC6B-336D-4D01-BAD3-6C1CDB64E79D}.D2020|x64.ActiveCfg = D2020|x64
		{F46DDC6B-336D-4D01-BAD3-6C1CDB64E79D}.D2020|x64.Build.0 = D2020|x64
		{F46DDC6B-336D-4D01-BAD3-6C1CDB64E79D}.D2021|x64.ActiveCfg = D2021|x64
		{F46DDC6B-336D-4D01-BAD3-6C1CDB64E79D}.D2021|x64.Build.0 = D2021|x64
		{F46DDC6B-336D-4D01-BAD3-6C1CDB64E79D}.D2022|x64.ActiveCfg = D2022|x64
		{F46DDC6B-336D-4D01-BAD3-6C1CDB64E79D}.D2022|x64.Build.0 = D2022|x64
		{F46DDC6B-336D-4D01-BAD3-6C1CDB64E79D}.D2023|x64.ActiveCfg = D2023|x64
		{F46DDC6B-336D-4D01-BAD3-6C1CDB64E79D}.D2023|x64.Build.0 = D2023|x64
		{F46DDC6B-336D-4D01-BAD3-6C1CDB64E79D}.D2024|x64.ActiveCfg = D2024|x64
		{F46DDC6B-336D-4D01-BAD3-6C1CDB64E79D}.D2024|x64.Build.0 = D2024|x64
		{F46DDC6B-336D-4D01-BAD3-6C1CDB64E79D}.Debug|x64.ActiveCfg = Debug|x64
		{F46DDC6B-336D-4D01-BAD3-6C1CDB64E79D}.Debug|x64.Build.0 = Debug|x64
		{F46DDC6B-336D-4D01-BAD3-6C1CDB64E79D}.Release|x64.ActiveCfg = Release|x64
		{F46DDC6B-336D-4D01-BAD3-6C1CDB64E79D}.Release|x64.Build.0 = Release|x64
		{E062AE01-4F4B-414C-ADB9-DE981CDC5628}.D2020|x64.ActiveCfg = Debug|x64
		{E062AE01-4F4B-414C-ADB9-DE981CDC5628}.D2021|x64.ActiveCfg = Debug|x64
		{E062AE01-4F4B-414C-ADB9-DE981CDC5628}.D2022|x64.ActiveCfg = Debug|x64
		{E062AE01-4F4B-414C-ADB9-DE981CDC5628}.D2023|x64.ActiveCfg = Debug|x64
		{E062AE01-4F4B-414C-ADB9-DE981CDC5628}.D2024|x64.ActiveCfg = Debug|x64
		{E062AE01-4F4B-414C-ADB9-DE981CDC5628}.Debug|x64.ActiveCfg = Debug|x64
		{E062AE01-4F4B-414C-ADB9-DE981CDC5628}.Release|x64.ActiveCfg = Release|x64
	EndGlobalSection
	GlobalSection(SolutionProperties) = preSolution
		HideSolutionNode = FALSE
	EndGlobalSection
	GlobalSection(ExtensibilityGlobals) = postSolution
		SolutionGuid = {8952776B-D968-4752-9A46-2741C025139D}
	EndGlobalSection
EndGlobal
